
Microsoft Visual Studio Solution File, Format Version 12.00
# Visual Studio Version 17
VisualStudioVersion = 17.5.33424.131
MinimumVisualStudioVersion = 10.0.40219.1
Project("{2150E333-8FDC-42A3-9474-1A3956D46DE8}") = "Solution Items", "Solution Items", "{90CDFD3C-CD73-4628-926B-1FEB87DDFC00}"
	ProjectSection(SolutionItems) = preProject
		LICENSE = LICENSE
		README.md = README.md
	EndProjectSection
EndProject
Project("{9A19103F-16F7-4668-BE54-9A1E7A4F7556}") = "Data", "Data\Data.csproj", "{6A2D0453-F503-45CA-93C1-85A64EF6D98D}"
EndProject
Project("{9A19103F-16F7-4668-BE54-9A1E7A4F7556}") = "Logic", "Logic\Logic.csproj", "{86A0B8DB-9CBC-49F7-89AA-05EFD7F4A9E1}"
EndProject
Project("{2150E333-8FDC-42A3-9474-1A3956D46DE8}") = "Presentation", "Presentation", "{469BD358-E0E9-419C-B624-C47066B5B43B}"
EndProject
Project("{9A19103F-16F7-4668-BE54-9A1E7A4F7556}") = "Model", "Model\Model.csproj", "{8E901EE5-67D7-4FF0-AB6F-3F8E1D7197DD}"
EndProject
Project("{9A19103F-16F7-4668-BE54-9A1E7A4F7556}") = "ViewModel", "ViewModel\ViewModel.csproj", "{56FCE535-93C5-407C-968F-119C7AB9AB63}"
EndProject
Project("{9A19103F-16F7-4668-BE54-9A1E7A4F7556}") = "View", "View\View.csproj", "{74E267F1-6CDC-49E8-BAD6-448699B3CD37}"
	ProjectSection(ProjectDependencies) = postProject
		{56FCE535-93C5-407C-968F-119C7AB9AB63} = {56FCE535-93C5-407C-968F-119C7AB9AB63}
	EndProjectSection
EndProject
Project("{2150E333-8FDC-42A3-9474-1A3956D46DE8}") = "Tests", "Tests", "{AD5C8334-5001-4D32-B703-D0BF7F86A14C}"
EndProject
Project("{9A19103F-16F7-4668-BE54-9A1E7A4F7556}") = "DataTest", "DataTest\DataTest.csproj", "{36ABCC7D-669F-4CFA-8D3E-E224A1D25837}"
EndProject
Project("{9A19103F-16F7-4668-BE54-9A1E7A4F7556}") = "LogicTest", "LogicTest\LogicTest.csproj", "{5ADEA537-C518-468E-B84C-DB336F0EAD31}"
EndProject
Global
	GlobalSection(SolutionConfigurationPlatforms) = preSolution
		Debug|Any CPU = Debug|Any CPU
		Release|Any CPU = Release|Any CPU
	EndGlobalSection
	GlobalSection(ProjectConfigurationPlatforms) = postSolution
		{6A2D0453-F503-45CA-93C1-85A64EF6D98D}.Debug|Any CPU.ActiveCfg = Debug|Any CPU
		{6A2D0453-F503-45CA-93C1-85A64EF6D98D}.Debug|Any CPU.Build.0 = Debug|Any CPU
		{6A2D0453-F503-45CA-93C1-85A64EF6D98D}.Release|Any CPU.ActiveCfg = Release|Any CPU
		{6A2D0453-F503-45CA-93C1-85A64EF6D98D}.Release|Any CPU.Build.0 = Release|Any CPU
		{86A0B8DB-9CBC-49F7-89AA-05EFD7F4A9E1}.Debug|Any CPU.ActiveCfg = Debug|Any CPU
		{86A0B8DB-9CBC-49F7-89AA-05EFD7F4A9E1}.Debug|Any CPU.Build.0 = Debug|Any CPU
		{86A0B8DB-9CBC-49F7-89AA-05EFD7F4A9E1}.Release|Any CPU.ActiveCfg = Release|Any CPU
		{86A0B8DB-9CBC-49F7-89AA-05EFD7F4A9E1}.Release|Any CPU.Build.0 = Release|Any CPU
		{8E901EE5-67D7-4FF0-AB6F-3F8E1D7197DD}.Debug|Any CPU.ActiveCfg = Debug|Any CPU
		{8E901EE5-67D7-4FF0-AB6F-3F8E1D7197DD}.Debug|Any CPU.Build.0 = Debug|Any CPU
		{8E901EE5-67D7-4FF0-AB6F-3F8E1D7197DD}.Release|Any CPU.ActiveCfg = Release|Any CPU
		{8E901EE5-67D7-4FF0-AB6F-3F8E1D7197DD}.Release|Any CPU.Build.0 = Release|Any CPU
		{56FCE535-93C5-407C-968F-119C7AB9AB63}.Debug|Any CPU.ActiveCfg = Debug|Any CPU
		{56FCE535-93C5-407C-968F-119C7AB9AB63}.Debug|Any CPU.Build.0 = Debug|Any CPU
		{56FCE535-93C5-407C-968F-119C7AB9AB63}.Release|Any CPU.ActiveCfg = Release|Any CPU
		{56FCE535-93C5-407C-968F-119C7AB9AB63}.Release|Any CPU.Build.0 = Release|Any CPU
		{74E267F1-6CDC-49E8-BAD6-448699B3CD37}.Debug|Any CPU.ActiveCfg = Debug|Any CPU
		{74E267F1-6CDC-49E8-BAD6-448699B3CD37}.Debug|Any CPU.Build.0 = Debug|Any CPU
		{74E267F1-6CDC-49E8-BAD6-448699B3CD37}.Release|Any CPU.ActiveCfg = Release|Any CPU
		{74E267F1-6CDC-49E8-BAD6-448699B3CD37}.Release|Any CPU.Build.0 = Release|Any CPU
		{36ABCC7D-669F-4CFA-8D3E-E224A1D25837}.Debug|Any CPU.ActiveCfg = Debug|Any CPU
		{36ABCC7D-669F-4CFA-8D3E-E224A1D25837}.Debug|Any CPU.Build.0 = Debug|Any CPU
		{36ABCC7D-669F-4CFA-8D3E-E224A1D25837}.Release|Any CPU.ActiveCfg = Release|Any CPU
		{36ABCC7D-669F-4CFA-8D3E-E224A1D25837}.Release|Any CPU.Build.0 = Release|Any CPU
		{5ADEA537-C518-468E-B84C-DB336F0EAD31}.Debug|Any CPU.ActiveCfg = Debug|Any CPU
		{5ADEA537-C518-468E-B84C-DB336F0EAD31}.Debug|Any CPU.Build.0 = Debug|Any CPU
		{5ADEA537-C518-468E-B84C-DB336F0EAD31}.Release|Any CPU.ActiveCfg = Release|Any CPU
		{5ADEA537-C518-468E-B84C-DB336F0EAD31}.Release|Any CPU.Build.0 = Release|Any CPU
	EndGlobalSection
	GlobalSection(SolutionProperties) = preSolution
		HideSolutionNode = FALSE
	EndGlobalSection
	GlobalSection(NestedProjects) = preSolution
		{8E901EE5-67D7-4FF0-AB6F-3F8E1D7197DD} = {469BD358-E0E9-419C-B624-C47066B5B43B}
		{56FCE535-93C5-407C-968F-119C7AB9AB63} = {469BD358-E0E9-419C-B624-C47066B5B43B}
		{74E267F1-6CDC-49E8-BAD6-448699B3CD37} = {469BD358-E0E9-419C-B624-C47066B5B43B}
		{36ABCC7D-669F-4CFA-8D3E-E224A1D25837} = {AD5C8334-5001-4D32-B703-D0BF7F86A14C}
		{5ADEA537-C518-468E-B84C-DB336F0EAD31} = {AD5C8334-5001-4D32-B703-D0BF7F86A14C}
	EndGlobalSection
	GlobalSection(ExtensibilityGlobals) = postSolution
		SolutionGuid = {D96C742B-25E4-4129-9AE1-265447CA191E}
	EndGlobalSection
EndGlobal
